
Microsoft Visual Studio Solution File, Format Version 12.00
# Visual Studio Version 17
VisualStudioVersion = 17.10.34928.147
MinimumVisualStudioVersion = 10.0.40219.1
Project("{FAE04EC0-301F-11D3-BF4B-00C04F79EFBC}") = "20June2", "20June2\20June2.csproj", "{12D61952-871D-493E-9D9A-153F0B296D3B}"
EndProject
Global
	GlobalSection(SolutionConfigurationPlatforms) = preSolution
		Debug|Any CPU = Debug|Any CPU
		Release|Any CPU = Release|Any CPU
	EndGlobalSection
	GlobalSection(ProjectConfigurationPlatforms) = postSolution
		{12D61952-871D-493E-9D9A-153F0B296D3B}.Debug|Any CPU.ActiveCfg = Debug|Any CPU
		{12D61952-871D-493E-9D9A-153F0B296D3B}.Debug|Any CPU.Build.0 = Debug|Any CPU
		{12D61952-871D-493E-9D9A-153F0B296D3B}.Release|Any CPU.ActiveCfg = Release|Any CPU
		{12D61952-871D-493E-9D9A-153F0B296D3B}.Release|Any CPU.Build.0 = Release|Any CPU
	EndGlobalSection
	GlobalSection(SolutionProperties) = preSolution
		HideSolutionNode = FALSE
	EndGlobalSection
	GlobalSection(ExtensibilityGlobals) = postSolution
		SolutionGuid = {B1C60BDB-2E56-4A52-9C5E-707D2258B1B8}
	EndGlobalSection
EndGlobal
